
Microsoft Visual Studio Solution File, Format Version 12.00
# Visual Studio 2013
VisualStudioVersion = 12.0.30501.0
MinimumVisualStudioVersion = 10.0.40219.1
Project("{FAE04EC0-301F-11D3-BF4B-00C04F79EFBC}") = "Connect Four", "Connect Four\Connect Four.csproj", "{187D6D0B-0381-40FF-AF82-B4920B67F4A1}"
EndProject
Project("{FAE04EC0-301F-11D3-BF4B-00C04F79EFBC}") = "ConsoleApplication1", "ConsoleApplication1\ConsoleApplication1.csproj", "{B0303DD3-E533-4208-8054-E43E3DF7811D}"
EndProject
Global
	GlobalSection(SolutionConfigurationPlatforms) = preSolution
		Debug|Any CPU = Debug|Any CPU
		Debug|ARM = Debug|ARM
		Debug|x64 = Debug|x64
		Debug|x86 = Debug|x86
		Release|Any CPU = Release|Any CPU
		Release|ARM = Release|ARM
		Release|x64 = Release|x64
		Release|x86 = Release|x86
	EndGlobalSection
	GlobalSection(ProjectConfigurationPlatforms) = postSolution
		{187D6D0B-0381-40FF-AF82-B4920B67F4A1}.Debug|Any CPU.ActiveCfg = Debug|Any CPU
		{187D6D0B-0381-40FF-AF82-B4920B67F4A1}.Debug|Any CPU.Build.0 = Debug|Any CPU
		{187D6D0B-0381-40FF-AF82-B4920B67F4A1}.Debug|ARM.ActiveCfg = Debug|Any CPU
		{187D6D0B-0381-40FF-AF82-B4920B67F4A1}.Debug|x64.ActiveCfg = Debug|Any CPU
		{187D6D0B-0381-40FF-AF82-B4920B67F4A1}.Debug|x86.ActiveCfg = Debug|Any CPU
		{187D6D0B-0381-40FF-AF82-B4920B67F4A1}.Release|Any CPU.ActiveCfg = Release|Any CPU
		{187D6D0B-0381-40FF-AF82-B4920B67F4A1}.Release|Any CPU.Build.0 = Release|Any CPU
		{187D6D0B-0381-40FF-AF82-B4920B67F4A1}.Release|ARM.ActiveCfg = Release|Any CPU
		{187D6D0B-0381-40FF-AF82-B4920B67F4A1}.Release|x64.ActiveCfg = Release|Any CPU
		{187D6D0B-0381-40FF-AF82-B4920B67F4A1}.Release|x86.ActiveCfg = Release|Any CPU
		{B0303DD3-E533-4208-8054-E43E3DF7811D}.Debug|Any CPU.ActiveCfg = Debug|Any CPU
		{B0303DD3-E533-4208-8054-E43E3DF7811D}.Debug|Any CPU.Build.0 = Debug|Any CPU
		{B0303DD3-E533-4208-8054-E43E3DF7811D}.Debug|ARM.ActiveCfg = Debug|Any CPU
		{B0303DD3-E533-4208-8054-E43E3DF7811D}.Debug|x64.ActiveCfg = Debug|Any CPU
		{B0303DD3-E533-4208-8054-E43E3DF7811D}.Debug|x86.ActiveCfg = Debug|Any CPU
		{B0303DD3-E533-4208-8054-E43E3DF7811D}.Release|Any CPU.ActiveCfg = Release|Any CPU
		{B0303DD3-E533-4208-8054-E43E3DF7811D}.Release|Any CPU.Build.0 = Release|Any CPU
		{B0303DD3-E533-4208-8054-E43E3DF7811D}.Release|ARM.ActiveCfg = Release|Any CPU
		{B0303DD3-E533-4208-8054-E43E3DF7811D}.Release|x64.ActiveCfg = Release|Any CPU
		{B0303DD3-E533-4208-8054-E43E3DF7811D}.Release|x86.ActiveCfg = Release|Any CPU
	EndGlobalSection
	GlobalSection(SolutionProperties) = preSolution
		HideSolutionNode = FALSE
	EndGlobalSection
EndGlobal
